schema: '2.0'
stages:
  load_data:
    cmd: python src/stage_01_load_save.py --config=config/config.yaml
    deps:
    - path: config/config.yaml
      md5: ed94ceb99aec2e740e194191e3c1aabd
      size: 399
    - path: src/stage_01_load_save.py
      md5: 0e42a0cc6c9a385d8a718076a890146a
      size: 1017
    - path: src/utils/all_utils.py
      md5: 0de70a85c66aba82734a723f6cdbacb0
      size: 484
    outs:
    - path: artifacts/raw_local_dir/data.csv
      md5: 7d814a1bda02145efe703f4e1c01847a
      size: 93599
  split_data:
    cmd: python src/stage_02_split_data.py --config=config/config.yaml --param=params.yaml
    deps:
    - path: artifacts/raw_local_dir/data.csv
      md5: 7d814a1bda02145efe703f4e1c01847a
      size: 93599
    - path: config/config.yaml
      md5: ed94ceb99aec2e740e194191e3c1aabd
      size: 399
    - path: src/stage_02_split_data.py
      md5: 67257a96b9637e98a05bacfe3e66c006
      size: 1591
    - path: src/utils/all_utils.py
      md5: 0de70a85c66aba82734a723f6cdbacb0
      size: 484
    params:
      params.yaml:
        base.random_state: 42
        base.test_size: 0.3
    outs:
    - path: artifacts/split_data_dir/test.csv
      md5: 3a3eef9f920deae72cb9bcd7b91231f1
      size: 28169
    - path: artifacts/split_data_dir/train.csv
      md5: 5e5a3523f0fba3925dc577c3baf2c5cd
      size: 65577
  train:
    cmd: python src/stage_03_train.py --config=config/config.yaml --param=params.yaml
    deps:
    - path: artifacts/split_data_dir/train.csv
      md5: 5e5a3523f0fba3925dc577c3baf2c5cd
      size: 65577
    - path: config/config.yaml
      md5: ed94ceb99aec2e740e194191e3c1aabd
      size: 399
    - path: src/stage_03_train.py
      md5: 78523a615c23643a152b9827d825baf3
      size: 1596
    - path: src/utils/all_utils.py
      md5: 0de70a85c66aba82734a723f6cdbacb0
      size: 484
    params:
      params.yaml:
        model_params.ElasticNet.alpha: 0.5
        model_params.ElasticNet.l1_ratio: 0.5
    outs:
    - path: artifacts/model_dir/ElasticNet.model
      md5: dbe264f2aa6815c24a4f2f7ea0328c64
      size: 1314
